
Microsoft Visual Studio Solution File, Format Version 11.00
# Visual Studio 2010
Project("{FAE04EC0-301F-11D3-BF4B-00C04F79EFBC}") = "l_001", "Assembly-CSharp.csproj", "{D04557A8-1774-36D9-9BA5-7F8962A1D062}"
EndProject
Global
	GlobalSection(SolutionConfigurationPlatforms) = preSolution
		Debug|Any CPU = Debug|Any CPU
		Release|Any CPU = Release|Any CPU
	EndGlobalSection
	GlobalSection(ProjectConfigurationPlatforms) = postSolution
		{D04557A8-1774-36D9-9BA5-7F8962A1D062}.Debug|Any CPU.ActiveCfg = Debug|Any CPU
		{D04557A8-1774-36D9-9BA5-7F8962A1D062}.Debug|Any CPU.Build.0 = Debug|Any CPU
		{D04557A8-1774-36D9-9BA5-7F8962A1D062}.Release|Any CPU.ActiveCfg = Release|Any CPU
		{D04557A8-1774-36D9-9BA5-7F8962A1D062}.Release|Any CPU.Build.0 = Release|Any CPU
	EndGlobalSection
	GlobalSection(SolutionProperties) = preSolution
		HideSolutionNode = FALSE
	EndGlobalSection
	GlobalSection(MonoDevelopProperties) = preSolution
		StartupItem = Assembly-CSharp.csproj
	EndGlobalSection
EndGlobal
